// !$*UTF8*$!
{
	archiveVersion = 1;
	classes = {
	};
	objectVersion = 50;
	objects = {

/* Begin PBXBuildFile section */
		BF50EEA1216D75FB00D3ACDB /* AppDelegate.swift in Sources */ = {isa = PBXBuildFile; fileRef = BF50EEA0216D75FB00D3ACDB /* AppDelegate.swift */; };
		BF50EEA3216D75FB00D3ACDB /* ViewController.swift in Sources */ = {isa = PBXBuildFile; fileRef = BF50EEA2216D75FB00D3ACDB /* ViewController.swift */; };
		BF50EEA6216D75FB00D3ACDB /* Main.storyboard in Resources */ = {isa = PBXBuildFile; fileRef = BF50EEA4216D75FB00D3ACDB /* Main.storyboard */; };
		BF50EEA8216D75FD00D3ACDB /* Assets.xcassets in Resources */ = {isa = PBXBuildFile; fileRef = BF50EEA7216D75FD00D3ACDB /* Assets.xcassets */; };
		BF50EEAB216D75FD00D3ACDB /* LaunchScreen.storyboard in Resources */ = {isa = PBXBuildFile; fileRef = BF50EEA9216D75FD00D3ACDB /* LaunchScreen.storyboard */; };
/* End PBXBuildFile section */

/* Begin PBXFileReference section */
		BF50EE9D216D75FB00D3ACDB /* Skate.app */ = {isa = PBXFileReference; explicitFileType = wrapper.application; includeInIndex = 0; path = Skate.app; sourceTree = BUILT_PRODUCTS_DIR; };
		BF50EEA0216D75FB00D3ACDB /* AppDelegate.swift */ = {isa = PBXFileReference; lastKnownFileType = sourcecode.swift; path = AppDelegate.swift; sourceTree = "<group>"; };
		BF50EEA2216D75FB00D3ACDB /* ViewController.swift */ = {isa = PBXFileReference; lastKnownFileType = sourcecode.swift; path = ViewController.swift; sourceTree = "<group>"; };
		BF50EEA5216D75FB00D3ACDB /* Base */ = {isa = PBXFileReference; lastKnownFileType = file.storyboard; name = Base; path = Base.lproj/Main.storyboard; sourceTree = "<group>"; };
		BF50EEA7216D75FD00D3ACDB /* Assets.xcassets */ = {isa = PBXFileReference; lastKnownFileType = folder.assetcatalog; path = Assets.xcassets; sourceTree = "<group>"; };
		BF50EEAA216D75FD00D3ACDB /* Base */ = {isa = PBXFileReference; lastKnownFileType = file.storyboard; name = Base; path = Base.lproj/LaunchScreen.storyboard; sourceTree = "<group>"; };
		BF50EEAC216D75FD00D3ACDB /* Info.plist */ = {isa = PBXFileReference; lastKnownFileType = text.plist.xml; path = Info.plist; sourceTree = "<group>"; };
/* End PBXFileReference section */

/* Begin PBXFrameworksBuildPhase section */
		BF50EE9A216D75FB00D3ACDB /* Frameworks */ = {
			isa = PBXFrameworksBuildPhase;
			buildActionMask = 2147483647;
			files = (
			);
			runOnlyForDeploymentPostprocessing = 0;
		};
/* End PBXFrameworksBuildPhase section */

/* Begin PBXGroup section */
		BF50EE94216D75FA00D3ACDB = {
			isa = PBXGroup;
			children = (
				BF50EE9F216D75FB00D3ACDB /* Skate */,
				BF50EE9E216D75FB00D3ACDB /* Products */,
			);
			sourceTree = "<group>";
		};
		BF50EE9E216D75FB00D3ACDB /* Products */ = {
			isa = PBXGroup;
			children = (
				BF50EE9D216D75FB00D3ACDB /* Skate.app */,
			);
			name = Products;
			sourceTree = "<group>";
		};
		BF50EE9F216D75FB00D3ACDB /* Skate */ = {
			isa = PBXGroup;
			children = (
				BF50EEA0216D75FB00D3ACDB /* AppDelegate.swift */,
				BF50EEA2216D75FB00D3ACDB /* ViewController.swift */,
				BF50EEA4216D75FB00D3ACDB /* Main.storyboard */,
				BF50EEA7216D75FD00D3ACDB /* Assets.xcassets */,
				BF50EEA9216D75FD00D3ACDB /* LaunchScreen.storyboard */,
				BF50EEAC216D75FD00D3ACDB /* Info.plist */,
			);
			path = Skate;
			sourceTree = "<group>";
		};
/* End PBXGroup section */

/* Begin PBXNativeTarget section */
		BF50EE9C216D75FB00D3ACDB /* Skate */ = {
			isa = PBXNativeTarget;
			buildConfigurationList = BF50EEAF216D75FD00D3ACDB /* Build configuration list for PBXNativeTarget "Skate" */;
			buildPhases = (
				BF50EE99216D75FB00D3ACDB /* Sources */,
				BF50EE9A216D75FB00D3ACDB /* Frameworks */,
				BF50EE9B216D75FB00D3ACDB /* Resources */,
			);
			buildRules = (
			);
			dependencies = (
			);
			name = Skate;
			productName = Skate;
			productReference = BF50EE9D216D75FB00D3ACDB /* Skate.app */;
			productType = "com.apple.product-type.application";
		};
/* End PBXNativeTarget section */

/* Begin PBXProject section */
		BF50EE95216D75FA00D3ACDB /* Project object */ = {
			isa = PBXProject;
			attributes = {
				LastSwiftUpdateCheck = 1000;
				LastUpgradeCheck = 1000;
				ORGANIZATIONNAME = Galvatron;
				TargetAttributes = {
					BF50EE9C216D75FB00D3ACDB = {
						CreatedOnToolsVersion = 10.0;
					};
				};
			};
			buildConfigurationList = BF50EE98216D75FA00D3ACDB /* Build configuration list for PBXProject "Skate" */;
			compatibilityVersion = "Xcode 9.3";
			developmentRegion = en;
			hasScannedForEncodings = 0;
			knownRegions = (
				en,
				Base,
			);
			mainGroup = BF50EE94216D75FA00D3ACDB;
			productRefGroup = BF50EE9E216D75FB00D3ACDB /* Products */;
			projectDirPath = "";
			projectRoot = "";
			targets = (
				BF50EE9C216D75FB00D3ACDB /* Skate */,
			);
		};
/* End PBXProject section */

/* Begin PBXResourcesBuildPhase section */
		BF50EE9B216D75FB00D3ACDB /* Resources */ = {
			isa = PBXResourcesBuildPhase;
			buildActionMask = 2147483647;
			files = (
				BF50EEAB216D75FD00D3ACDB /* LaunchScreen.storyboard in Resources */,
				BF50EEA8216D75FD00D3ACDB /* Assets.xcassets in Resources */,
				BF50EEA6216D75FB00D3ACDB /* Main.storyboard in Resources */,
			);
			runOnlyForDeploymentPostprocessing = 0;
		};
/* End PBXResourcesBuildPhase section */

/* Begin PBXSourcesBuildPhase section */
		BF50EE99216D75FB00D3ACDB /* Sources */ = {
			isa = PBXSourcesBuildPhase;
			buildActionMask = 2147483647;
			files = (
				BF50EEA3216D75FB00D3ACDB /* ViewController.swift in Sources */,
				BF50EEA1216D75FB00D3ACDB /* AppDelegate.swift in Sources */,
			);
			runOnlyForDeploymentPostprocessing = 0;
		};
/* End PBXSourcesBuildPhase section */

/* Begin PBXVariantGroup section */
		BF50EEA4216D75FB00D3ACDB /* Main.storyboard */ = {
			isa = PBXVariantGroup;
			children = (
				BF50EEA5216D75FB00D3ACDB /* Base */,
			);
			name = Main.storyboard;
			sourceTree = "<group>";
		};
		BF50EEA9216D75FD00D3ACDB /* LaunchScreen.storyboard */ = {
			isa = PBXVariantGroup;
			children = (
				BF50EEAA216D75FD00D3ACDB /* Base */,
			);
			name = LaunchScreen.storyboard;
			sourceTree = "<group>";
		};
/* End PBXVariantGroup section */

/* Begin XCBuildConfiguration section */
		BF50EEAD216D75FD00D3ACDB /* Debug */ = {
			isa = XCBuildConfiguration;
			buildSettings = {
				ALWAYS_SEARCH_USER_PATHS = NO;
				CLANG_ANALYZER_NONNULL = YES;
				CLANG_ANALYZER_NUMBER_OBJECT_CONVERSION = YES_AGGRESSIVE;
				CLANG_CXX_LANGUAGE_STANDARD = "gnu++14";
				CLANG_CXX_LIBRARY = "libc++";
				CLANG_ENABLE_MODULES = YES;
				CLANG_ENABLE_OBJC_ARC = YES;
				CLANG_ENABLE_OBJC_WEAK = YES;
				CLANG_WARN_BLOCK_CAPTURE_AUTORELEASING = YES;
				CLANG_WARN_BOOL_CONVERSION = YES;
				CLANG_WARN_COMMA = YES;
				CLANG_WARN_CONSTANT_CONVERSION = YES;
				CLANG_WARN_DEPRECATED_OBJC_IMPLEMENTATIONS = YES;
				CLANG_WARN_DIRECT_OBJC_ISA_USAGE = YES_ERROR;
				CLANG_WARN_DOCUMENTATION_COMMENTS = YES;
				CLANG_WARN_EMPTY_BODY = YES;
				CLANG_WARN_ENUM_CONVERSION = YES;
				CLANG_WARN_INFINITE_RECURSION = YES;
				CLANG_WARN_INT_CONVERSION = YES;
				CLANG_WARN_NON_LITERAL_NULL_CONVERSION = YES;
				CLANG_WARN_OBJC_IMPLICIT_RETAIN_SELF = YES;
				CLANG_WARN_OBJC_LITERAL_CONVERSION = YES;
				CLANG_WARN_OBJC_ROOT_CLASS = YES_ERROR;
				CLANG_WARN_RANGE_LOOP_ANALYSIS = YES;
				CLANG_WARN_STRICT_PROTOTYPES = YES;
				CLANG_WARN_SUSPICIOUS_MOVE = YES;
				CLANG_WARN_UNGUARDED_AVAILABILITY = YES_AGGRESSIVE;
				CLANG_WARN_UNREACHABLE_CODE = YES;
				CLANG_WARN__DUPLICATE_METHOD_MATCH = YES;
				CODE_SIGN_IDENTITY = "iPhone Developer";
				COPY_PHASE_STRIP = NO;
				DEBUG_INFORMATION_FORMAT = dwarf;
				ENABLE_STRICT_OBJC_MSGSEND = YES;
				ENABLE_TESTABILITY = YES;
				GCC_C_LANGUAGE_STANDARD = gnu11;
				GCC_DYNAMIC_NO_PIC = NO;
				GCC_NO_COMMON_BLOCKS = YES;
				GCC_OPTIMIZATION_LEVEL = 0;
				GCC_PREPROCESSOR_DEFINITIONS = (
					"DEBUG=1",
					"$(inherited)",
				);
				GCC_WARN_64_TO_32_BIT_CONVERSION = YES;
				GCC_WARN_ABOUT_RETURN_TYPE = YES_ERROR;
				GCC_WARN_UNDECLARED_SELECTOR = YES;
				GCC_WARN_UNINITIALIZED_AUTOS = YES_AGGRESSIVE;
				GCC_WARN_UNUSED_FUNCTION = YES;
				GCC_WARN_UNUSED_VARIABLE = YES;
				IPHONEOS_DEPLOYMENT_TARGET = 12.0;
				MTL_ENABLE_DEBUG_INFO = INCLUDE_SOURCE;
				MTL_FAST_MATH = YES;
				ONLY_ACTIVE_ARCH = YES;
				SDKROOT = iphoneos;
				SWIFT_ACTIVE_COMPILATION_CONDITIONS = DEBUG;
				SWIFT_OPTIMIZATION_LEVEL = "-Onone";
			};
			name = Debug;
		};
		BF50EEAE216D75FD00D3ACDB /* Release */ = {
			isa = XCBuildConfiguration;
			buildSettings = {
				ALWAYS_SEARCH_USER_PATHS = NO;
				CLANG_ANALYZER_NONNULL = YES;
				CLANG_ANALYZER_NUMBER_OBJECT_CONVERSION = YES_AGGRESSIVE;
				CLANG_CXX_LANGUAGE_STANDARD = "gnu++14";
				CLANG_CXX_LIBRARY = "libc++";
				CLANG_ENABLE_MODULES = YES;
				CLANG_ENABLE_OBJC_ARC = YES;
				CLANG_ENABLE_OBJC_WEAK = YES;
				CLANG_WARN_BLOCK_CAPTURE_AUTORELEASING = YES;
				CLANG_WARN_BOOL_CONVERSION = YES;
				CLANG_WARN_COMMA = YES;
				CLANG_WARN_CONSTANT_CONVERSION = YES;
				CLANG_WARN_DEPRECATED_OBJC_IMPLEMENTATIONS = YES;
				CLANG_WARN_DIRECT_OBJC_ISA_USAGE = YES_ERROR;
				CLANG_WARN_DOCUMENTATION_COMMENTS = YES;
				CLANG_WARN_EMPTY_BODY = YES;
				CLANG_WARN_ENUM_CONVERSION = YES;
				CLANG_WARN_INFINITE_RECURSION = YES;
				CLANG_WARN_INT_CONVERSION = YES;
				CLANG_WARN_NON_LITERAL_NULL_CONVERSION = YES;
				CLANG_WARN_OBJC_IMPLICIT_RETAIN_SELF = YES;
				CLANG_WARN_OBJC_LITERAL_CONVERSION = YES;
				CLANG_WARN_OBJC_ROOT_CLASS = YES_ERROR;
				CLANG_WARN_RANGE_LOOP_ANALYSIS = YES;
				CLANG_WARN_STRICT_PROTOTYPES = YES;
				CLANG_WARN_SUSPICIOUS_MOVE = YES;
				CLANG_WARN_UNGUARDED_AVAILABILITY = YES_AGGRESSIVE;
				CLANG_WARN_UNREACHABLE_CODE = YES;
				CLANG_WARN__DUPLICATE_METHOD_MATCH = YES;
				CODE_SIGN_IDENTITY = "iPhone Developer";
				COPY_PHASE_STRIP = NO;
				DEBUG_INFORMATION_FORMAT = "dwarf-with-dsym";
				ENABLE_NS_ASSERTIONS = NO;
				ENABLE_STRICT_OBJC_MSGSEND = YES;
				GCC_C_LANGUAGE_STANDARD = gnu11;
				GCC_NO_COMMON_BLOCKS = YES;
				GCC_WARN_64_TO_32_BIT_CONVERSION = YES;
				GCC_WARN_ABOUT_RETURN_TYPE = YES_ERROR;
				GCC_WARN_UNDECLARED_SELECTOR = YES;
				GCC_WARN_UNINITIALIZED_AUTOS = YES_AGGRESSIVE;
				GCC_WARN_UNUSED_FUNCTION = YES;
				GCC_WARN_UNUSED_VARIABLE = YES;
				IPHONEOS_DEPLOYMENT_TARGET = 12.0;
				MTL_ENABLE_DEBUG_INFO = NO;
				MTL_FAST_MATH = YES;
				SDKROOT = iphoneos;
				SWIFT_COMPILATION_MODE = wholemodule;
				SWIFT_OPTIMIZATION_LEVEL = "-O";
				VALIDATE_PRODUCT = YES;
			};
			name = Release;
		};
		BF50EEB0216D75FD00D3ACDB /* Debug */ = {
			isa = XCBuildConfiguration;
			buildSettings = {
				ASSETCATALOG_COMPILER_APPICON_NAME = AppIcon;
				CODE_SIGN_STYLE = Automatic;
				DEVELOPMENT_TEAM = SP8GM5K6M9;
				INFOPLIST_FILE = Skate/Info.plist;
				LD_RUNPATH_SEARCH_PATHS = (
					"$(inherited)",
					"@executable_path/Frameworks",
				);
				PRODUCT_BUNDLE_IDENTIFIER = com.bwhisnant.Skate;
				PRODUCT_NAME = "$(TARGET_NAME)";
				SWIFT_VERSION = 4.2;
				TARGETED_DEVICE_FAMILY = "1,2";
			};
			name = Debug;
		};
		BF50EEB1216D75FD00D3ACDB /* Release */ = {
			isa = XCBuildConfiguration;
			buildSettings = {
				ASSETCATALOG_COMPILER_APPICON_NAME = AppIcon;
				CODE_SIGN_STYLE = Automatic;
				DEVELOPMENT_TEAM = SP8GM5K6M9;
				INFOPLIST_FILE = Skate/Info.plist;
				LD_RUNPATH_SEARCH_PATHS = (
					"$(inherited)",
					"@executable_path/Frameworks",
				);
				PRODUCT_BUNDLE_IDENTIFIER = com.bwhisnant.Skate;
				PRODUCT_NAME = "$(TARGET_NAME)";
				SWIFT_VERSION = 4.2;
				TARGETED_DEVICE_FAMILY = "1,2";
			};
			name = Release;
		};
/* End XCBuildConfiguration section */

/* Begin XCConfigurationList section */
		BF50EE98216D75FA00D3ACDB /* Build configuration list for PBXProject "Skate" */ = {
			isa = XCConfigurationList;
			buildConfigurations = (
				BF50EEAD216D75FD00D3ACDB /* Debug */,
				BF50EEAE216D75FD00D3ACDB /* Release */,
			);
			defaultConfigurationIsVisible = 0;
			defaultConfigurationName = Release;
		};
		BF50EEAF216D75FD00D3ACDB /* Build configuration list for PBXNativeTarget "Skate" */ = {
			isa = XCConfigurationList;
			buildConfigurations = (
				BF50EEB0216D75FD00D3ACDB /* Debug */,
				BF50EEB1216D75FD00D3ACDB /* Release */,
			);
			defaultConfigurationIsVisible = 0;
			defaultConfigurationName = Release;
		};
/* End XCConfigurationList section */
	};
	rootObject = BF50EE95216D75FA00D3ACDB /* Project object */;
}
